
Microsoft Visual Studio Solution File, Format Version 10.00
# Visual Studio 2008
Project("{FAE04EC0-301F-11D3-BF4B-00C04F79EFBC}") = "InternetSales", "InternetSales\InternetSales.csproj", "{5B39A995-D5B2-4C42-BB1C-ECE0D1C98499}"
EndProject
Global
	GlobalSection(SolutionConfigurationPlatforms) = preSolution
		Debug|Any CPU = Debug|Any CPU
		Release|Any CPU = Release|Any CPU
	EndGlobalSection
	GlobalSection(ProjectConfigurationPlatforms) = postSolution
		{5B39A995-D5B2-4C42-BB1C-ECE0D1C98499}.Debug|Any CPU.ActiveCfg = Debug|Any CPU
		{5B39A995-D5B2-4C42-BB1C-ECE0D1C98499}.Debug|Any CPU.Build.0 = Debug|Any CPU
		{5B39A995-D5B2-4C42-BB1C-ECE0D1C98499}.Release|Any CPU.ActiveCfg = Release|Any CPU
		{5B39A995-D5B2-4C42-BB1C-ECE0D1C98499}.Release|Any CPU.Build.0 = Release|Any CPU
	EndGlobalSection
	GlobalSection(SolutionProperties) = preSolution
		HideSolutionNode = FALSE
	EndGlobalSection
EndGlobal
